
Microsoft Visual Studio Solution File, Format Version 12.00
# Visual Studio 15
VisualStudioVersion = 15.0.26228.9
MinimumVisualStudioVersion = 10.0.40219.1
Project("{FAE04EC0-301F-11D3-BF4B-00C04F79EFBC}") = "Chibo.Android", "Chibo\Chibo.Android\Chibo.Android.csproj", "{75781B42-1CAE-4281-9B8A-761844FC69DD}"
EndProject
Project("{FAE04EC0-301F-11D3-BF4B-00C04F79EFBC}") = "Chibo", "Chibo\Chibo\Chibo.csproj", "{A7736A0B-C873-454A-9962-CC509D83874E}"
EndProject
Project("{FAE04EC0-301F-11D3-BF4B-00C04F79EFBC}") = "Chibo.UWP", "Chibo\Chibo.UWP\Chibo.UWP.csproj", "{C9EE748B-389C-43C9-9DF4-73953AB1FF9F}"
EndProject
Project("{FAE04EC0-301F-11D3-BF4B-00C04F79EFBC}") = "Chibo.iOS", "Chibo\Chibo.iOS\Chibo.iOS.csproj", "{693351B6-637F-4FBE-BA35-3CD53A0C0D18}"
EndProject
Project("{FAE04EC0-301F-11D3-BF4B-00C04F79EFBC}") = "Chibo.Tests", "Chibo.Tests\Chibo.Tests.csproj", "{964F5F98-763A-4CF2-A769-03F6F1099A59}"
EndProject
Global
	GlobalSection(SolutionConfigurationPlatforms) = preSolution
		Ad-Hoc|Any CPU = Ad-Hoc|Any CPU
		Ad-Hoc|ARM = Ad-Hoc|ARM
		Ad-Hoc|iPhone = Ad-Hoc|iPhone
		Ad-Hoc|iPhoneSimulator = Ad-Hoc|iPhoneSimulator
		Ad-Hoc|x64 = Ad-Hoc|x64
		Ad-Hoc|x86 = Ad-Hoc|x86
		AppStore|Any CPU = AppStore|Any CPU
		AppStore|ARM = AppStore|ARM
		AppStore|iPhone = AppStore|iPhone
		AppStore|iPhoneSimulator = AppStore|iPhoneSimulator
		AppStore|x64 = AppStore|x64
		AppStore|x86 = AppStore|x86
		Debug|Any CPU = Debug|Any CPU
		Debug|ARM = Debug|ARM
		Debug|iPhone = Debug|iPhone
		Debug|iPhoneSimulator = Debug|iPhoneSimulator
		Debug|x64 = Debug|x64
		Debug|x86 = Debug|x86
		Release|Any CPU = Release|Any CPU
		Release|ARM = Release|ARM
		Release|iPhone = Release|iPhone
		Release|iPhoneSimulator = Release|iPhoneSimulator
		Release|x64 = Release|x64
		Release|x86 = Release|x86
	EndGlobalSection
	GlobalSection(ProjectConfigurationPlatforms) = postSolution
		{75781B42-1CAE-4281-9B8A-761844FC69DD}.Ad-Hoc|Any CPU.ActiveCfg = Release|Any CPU
		{75781B42-1CAE-4281-9B8A-761844FC69DD}.Ad-Hoc|Any CPU.Build.0 = Release|Any CPU
		{75781B42-1CAE-4281-9B8A-761844FC69DD}.Ad-Hoc|Any CPU.Deploy.0 = Release|Any CPU
		{75781B42-1CAE-4281-9B8A-761844FC69DD}.Ad-Hoc|ARM.ActiveCfg = Release|Any CPU
		{75781B42-1CAE-4281-9B8A-761844FC69DD}.Ad-Hoc|ARM.Build.0 = Release|Any CPU
		{75781B42-1CAE-4281-9B8A-761844FC69DD}.Ad-Hoc|ARM.Deploy.0 = Release|Any CPU
		{75781B42-1CAE-4281-9B8A-761844FC69DD}.Ad-Hoc|iPhone.ActiveCfg = Release|Any CPU
		{75781B42-1CAE-4281-9B8A-761844FC69DD}.Ad-Hoc|iPhone.Build.0 = Release|Any CPU
		{75781B42-1CAE-4281-9B8A-761844FC69DD}.Ad-Hoc|iPhone.Deploy.0 = Release|Any CPU
		{75781B42-1CAE-4281-9B8A-761844FC69DD}.Ad-Hoc|iPhoneSimulator.ActiveCfg = Release|Any CPU
		{75781B42-1CAE-4281-9B8A-761844FC69DD}.Ad-Hoc|iPhoneSimulator.Build.0 = Release|Any CPU
		{75781B42-1CAE-4281-9B8A-761844FC69DD}.Ad-Hoc|iPhoneSimulator.Deploy.0 = Release|Any CPU
		{75781B42-1CAE-4281-9B8A-761844FC69DD}.Ad-Hoc|x64.ActiveCfg = Release|Any CPU
		{75781B42-1CAE-4281-9B8A-761844FC69DD}.Ad-Hoc|x64.Build.0 = Release|Any CPU
		{75781B42-1CAE-4281-9B8A-761844FC69DD}.Ad-Hoc|x64.Deploy.0 = Release|Any CPU
		{75781B42-1CAE-4281-9B8A-761844FC69DD}.Ad-Hoc|x86.ActiveCfg = Release|Any CPU
		{75781B42-1CAE-4281-9B8A-761844FC69DD}.Ad-Hoc|x86.Build.0 = Release|Any CPU
		{75781B42-1CAE-4281-9B8A-761844FC69DD}.Ad-Hoc|x86.Deploy.0 = Release|Any CPU
		{75781B42-1CAE-4281-9B8A-761844FC69DD}.AppStore|Any CPU.ActiveCfg = Release|Any CPU
		{75781B42-1CAE-4281-9B8A-761844FC69DD}.AppStore|Any CPU.Build.0 = Release|Any CPU
		{75781B42-1CAE-4281-9B8A-761844FC69DD}.AppStore|Any CPU.Deploy.0 = Release|Any CPU
		{75781B42-1CAE-4281-9B8A-761844FC69DD}.AppStore|ARM.ActiveCfg = Release|Any CPU
		{75781B42-1CAE-4281-9B8A-761844FC69DD}.AppStore|ARM.Build.0 = Release|Any CPU
		{75781B42-1CAE-4281-9B8A-761844FC69DD}.AppStore|ARM.Deploy.0 = Release|Any CPU
		{75781B42-1CAE-4281-9B8A-761844FC69DD}.AppStore|iPhone.ActiveCfg = Release|Any CPU
		{75781B42-1CAE-4281-9B8A-761844FC69DD}.AppStore|iPhone.Build.0 = Release|Any CPU
		{75781B42-1CAE-4281-9B8A-761844FC69DD}.AppStore|iPhone.Deploy.0 = Release|Any CPU
		{75781B42-1CAE-4281-9B8A-761844FC69DD}.AppStore|iPhoneSimulator.ActiveCfg = Release|Any CPU
		{75781B42-1CAE-4281-9B8A-761844FC69DD}.AppStore|iPhoneSimulator.Build.0 = Release|Any CPU
		{75781B42-1CAE-4281-9B8A-761844FC69DD}.AppStore|iPhoneSimulator.Deploy.0 = Release|Any CPU
		{75781B42-1CAE-4281-9B8A-761844FC69DD}.AppStore|x64.ActiveCfg = Release|Any CPU
		{75781B42-1CAE-4281-9B8A-761844FC69DD}.AppStore|x64.Build.0 = Release|Any CPU
		{75781B42-1CAE-4281-9B8A-761844FC69DD}.AppStore|x64.Deploy.0 = Release|Any CPU
		{75781B42-1CAE-4281-9B8A-761844FC69DD}.AppStore|x86.ActiveCfg = Release|Any CPU
		{75781B42-1CAE-4281-9B8A-761844FC69DD}.AppStore|x86.Build.0 = Release|Any CPU
		{75781B42-1CAE-4281-9B8A-761844FC69DD}.AppStore|x86.Deploy.0 = Release|Any CPU
		{75781B42-1CAE-4281-9B8A-761844FC69DD}.Debug|Any CPU.ActiveCfg = Debug|Any CPU
		{75781B42-1CAE-4281-9B8A-761844FC69DD}.Debug|Any CPU.Build.0 = Debug|Any CPU
		{75781B42-1CAE-4281-9B8A-761844FC69DD}.Debug|Any CPU.Deploy.0 = Debug|Any CPU
		{75781B42-1CAE-4281-9B8A-761844FC69DD}.Debug|ARM.ActiveCfg = Debug|Any CPU
		{75781B42-1CAE-4281-9B8A-761844FC69DD}.Debug|ARM.Build.0 = Debug|Any CPU
		{75781B42-1CAE-4281-9B8A-761844FC69DD}.Debug|ARM.Deploy.0 = Debug|Any CPU
		{75781B42-1CAE-4281-9B8A-761844FC69DD}.Debug|iPhone.ActiveCfg = Debug|Any CPU
		{75781B42-1CAE-4281-9B8A-761844FC69DD}.Debug|iPhone.Build.0 = Debug|Any CPU
		{75781B42-1CAE-4281-9B8A-761844FC69DD}.Debug|iPhone.Deploy.0 = Debug|Any CPU
		{75781B42-1CAE-4281-9B8A-761844FC69DD}.Debug|iPhoneSimulator.ActiveCfg = Debug|Any CPU
		{75781B42-1CAE-4281-9B8A-761844FC69DD}.Debug|iPhoneSimulator.Build.0 = Debug|Any CPU
		{75781B42-1CAE-4281-9B8A-761844FC69DD}.Debug|iPhoneSimulator.Deploy.0 = Debug|Any CPU
		{75781B42-1CAE-4281-9B8A-761844FC69DD}.Debug|x64.ActiveCfg = Debug|Any CPU
		{75781B42-1CAE-4281-9B8A-761844FC69DD}.Debug|x64.Build.0 = Debug|Any CPU
		{75781B42-1CAE-4281-9B8A-761844FC69DD}.Debug|x64.Deploy.0 = Debug|Any CPU
		{75781B42-1CAE-4281-9B8A-761844FC69DD}.Debug|x86.ActiveCfg = Debug|Any CPU
		{75781B42-1CAE-4281-9B8A-761844FC69DD}.Debug|x86.Build.0 = Debug|Any CPU
		{75781B42-1CAE-4281-9B8A-761844FC69DD}.Debug|x86.Deploy.0 = Debug|Any CPU
		{75781B42-1CAE-4281-9B8A-761844FC69DD}.Release|Any CPU.ActiveCfg = Release|Any CPU
		{75781B42-1CAE-4281-9B8A-761844FC69DD}.Release|Any CPU.Build.0 = Release|Any CPU
		{75781B42-1CAE-4281-9B8A-761844FC69DD}.Release|Any CPU.Deploy.0 = Release|Any CPU
		{75781B42-1CAE-4281-9B8A-761844FC69DD}.Release|ARM.ActiveCfg = Release|Any CPU
		{75781B42-1CAE-4281-9B8A-761844FC69DD}.Release|ARM.Build.0 = Release|Any CPU
		{75781B42-1CAE-4281-9B8A-761844FC69DD}.Release|ARM.Deploy.0 = Release|Any CPU
		{75781B42-1CAE-4281-9B8A-761844FC69DD}.Release|iPhone.ActiveCfg = Release|Any CPU
		{75781B42-1CAE-4281-9B8A-761844FC69DD}.Release|iPhone.Build.0 = Release|Any CPU
		{75781B42-1CAE-4281-9B8A-761844FC69DD}.Release|iPhone.Deploy.0 = Release|Any CPU
		{75781B42-1CAE-4281-9B8A-761844FC69DD}.Release|iPhoneSimulator.ActiveCfg = Release|Any CPU
		{75781B42-1CAE-4281-9B8A-761844FC69DD}.Release|iPhoneSimulator.Build.0 = Release|Any CPU
		{75781B42-1CAE-4281-9B8A-761844FC69DD}.Release|iPhoneSimulator.Deploy.0 = Release|Any CPU
		{75781B42-1CAE-4281-9B8A-761844FC69DD}.Release|x64.ActiveCfg = Release|Any CPU
		{75781B42-1CAE-4281-9B8A-761844FC69DD}.Release|x64.Build.0 = Release|Any CPU
		{75781B42-1CAE-4281-9B8A-761844FC69DD}.Release|x64.Deploy.0 = Release|Any CPU
		{75781B42-1CAE-4281-9B8A-761844FC69DD}.Release|x86.ActiveCfg = Release|Any CPU
		{75781B42-1CAE-4281-9B8A-761844FC69DD}.Release|x86.Build.0 = Release|Any CPU
		{75781B42-1CAE-4281-9B8A-761844FC69DD}.Release|x86.Deploy.0 = Release|Any CPU
		{A7736A0B-C873-454A-9962-CC509D83874E}.Ad-Hoc|Any CPU.ActiveCfg = Release|Any CPU
		{A7736A0B-C873-454A-9962-CC509D83874E}.Ad-Hoc|Any CPU.Build.0 = Release|Any CPU
		{A7736A0B-C873-454A-9962-CC509D83874E}.Ad-Hoc|ARM.ActiveCfg = Release|Any CPU
		{A7736A0B-C873-454A-9962-CC509D83874E}.Ad-Hoc|ARM.Build.0 = Release|Any CPU
		{A7736A0B-C873-454A-9962-CC509D83874E}.Ad-Hoc|iPhone.ActiveCfg = Release|Any CPU
		{A7736A0B-C873-454A-9962-CC509D83874E}.Ad-Hoc|iPhone.Build.0 = Release|Any CPU
		{A7736A0B-C873-454A-9962-CC509D83874E}.Ad-Hoc|iPhoneSimulator.ActiveCfg = Release|Any CPU
		{A7736A0B-C873-454A-9962-CC509D83874E}.Ad-Hoc|iPhoneSimulator.Build.0 = Release|Any CPU
		{A7736A0B-C873-454A-9962-CC509D83874E}.Ad-Hoc|x64.ActiveCfg = Release|Any CPU
		{A7736A0B-C873-454A-9962-CC509D83874E}.Ad-Hoc|x64.Build.0 = Release|Any CPU
		{A7736A0B-C873-454A-9962-CC509D83874E}.Ad-Hoc|x86.ActiveCfg = Release|Any CPU
		{A7736A0B-C873-454A-9962-CC509D83874E}.Ad-Hoc|x86.Build.0 = Release|Any CPU
		{A7736A0B-C873-454A-9962-CC509D83874E}.AppStore|Any CPU.ActiveCfg = Release|Any CPU
		{A7736A0B-C873-454A-9962-CC509D83874E}.AppStore|Any CPU.Build.0 = Release|Any CPU
		{A7736A0B-C873-454A-9962-CC509D83874E}.AppStore|ARM.ActiveCfg = Release|Any CPU
		{A7736A0B-C873-454A-9962-CC509D83874E}.AppStore|ARM.Build.0 = Release|Any CPU
		{A7736A0B-C873-454A-9962-CC509D83874E}.AppStore|iPhone.ActiveCfg = Release|Any CPU
		{A7736A0B-C873-454A-9962-CC509D83874E}.AppStore|iPhone.Build.0 = Release|Any CPU
		{A7736A0B-C873-454A-9962-CC509D83874E}.AppStore|iPhoneSimulator.ActiveCfg = Release|Any CPU
		{A7736A0B-C873-454A-9962-CC509D83874E}.AppStore|iPhoneSimulator.Build.0 = Release|Any CPU
		{A7736A0B-C873-454A-9962-CC509D83874E}.AppStore|x64.ActiveCfg = Release|Any CPU
		{A7736A0B-C873-454A-9962-CC509D83874E}.AppStore|x64.Build.0 = Release|Any CPU
		{A7736A0B-C873-454A-9962-CC509D83874E}.AppStore|x86.ActiveCfg = Release|Any CPU
		{A7736A0B-C873-454A-9962-CC509D83874E}.AppStore|x86.Build.0 = Release|Any CPU
		{A7736A0B-C873-454A-9962-CC509D83874E}.Debug|Any CPU.ActiveCfg = Debug|Any CPU
		{A7736A0B-C873-454A-9962-CC509D83874E}.Debug|Any CPU.Build.0 = Debug|Any CPU
		{A7736A0B-C873-454A-9962-CC509D83874E}.Debug|ARM.ActiveCfg = Debug|Any CPU
		{A7736A0B-C873-454A-9962-CC509D83874E}.Debug|ARM.Build.0 = Debug|Any CPU
		{A7736A0B-C873-454A-9962-CC509D83874E}.Debug|iPhone.ActiveCfg = Debug|Any CPU
		{A7736A0B-C873-454A-9962-CC509D83874E}.Debug|iPhone.Build.0 = Debug|Any CPU
		{A7736A0B-C873-454A-9962-CC509D83874E}.Debug|iPhoneSimulator.ActiveCfg = Debug|Any CPU
		{A7736A0B-C873-454A-9962-CC509D83874E}.Debug|iPhoneSimulator.Build.0 = Debug|Any CPU
		{A7736A0B-C873-454A-9962-CC509D83874E}.Debug|x64.ActiveCfg = Debug|Any CPU
		{A7736A0B-C873-454A-9962-CC509D83874E}.Debug|x64.Build.0 = Debug|Any CPU
		{A7736A0B-C873-454A-9962-CC509D83874E}.Debug|x86.ActiveCfg = Debug|Any CPU
		{A7736A0B-C873-454A-9962-CC509D83874E}.Debug|x86.Build.0 = Debug|Any CPU
		{A7736A0B-C873-454A-9962-CC509D83874E}.Release|Any CPU.ActiveCfg = Release|Any CPU
		{A7736A0B-C873-454A-9962-CC509D83874E}.Release|Any CPU.Build.0 = Release|Any CPU
		{A7736A0B-C873-454A-9962-CC509D83874E}.Release|ARM.ActiveCfg = Release|Any CPU
		{A7736A0B-C873-454A-9962-CC509D83874E}.Release|ARM.Build.0 = Release|Any CPU
		{A7736A0B-C873-454A-9962-CC509D83874E}.Release|iPhone.ActiveCfg = Release|Any CPU
		{A7736A0B-C873-454A-9962-CC509D83874E}.Release|iPhone.Build.0 = Release|Any CPU
		{A7736A0B-C873-454A-9962-CC509D83874E}.Release|iPhoneSimulator.ActiveCfg = Release|Any CPU
		{A7736A0B-C873-454A-9962-CC509D83874E}.Release|iPhoneSimulator.Build.0 = Release|Any CPU
		{A7736A0B-C873-454A-9962-CC509D83874E}.Release|x64.ActiveCfg = Release|Any CPU
		{A7736A0B-C873-454A-9962-CC509D83874E}.Release|x64.Build.0 = Release|Any CPU
		{A7736A0B-C873-454A-9962-CC509D83874E}.Release|x86.ActiveCfg = Release|Any CPU
		{A7736A0B-C873-454A-9962-CC509D83874E}.Release|x86.Build.0 = Release|Any CPU
		{C9EE748B-389C-43C9-9DF4-73953AB1FF9F}.Ad-Hoc|Any CPU.ActiveCfg = Release|x86
		{C9EE748B-389C-43C9-9DF4-73953AB1FF9F}.Ad-Hoc|Any CPU.Build.0 = Release|x86
		{C9EE748B-389C-43C9-9DF4-73953AB1FF9F}.Ad-Hoc|Any CPU.Deploy.0 = Release|x86
		{C9EE748B-389C-43C9-9DF4-73953AB1FF9F}.Ad-Hoc|ARM.ActiveCfg = Release|ARM
		{C9EE748B-389C-43C9-9DF4-73953AB1FF9F}.Ad-Hoc|ARM.Build.0 = Release|ARM
		{C9EE748B-389C-43C9-9DF4-73953AB1FF9F}.Ad-Hoc|ARM.Deploy.0 = Release|ARM
		{C9EE748B-389C-43C9-9DF4-73953AB1FF9F}.Ad-Hoc|iPhone.ActiveCfg = Release|x86
		{C9EE748B-389C-43C9-9DF4-73953AB1FF9F}.Ad-Hoc|iPhone.Build.0 = Release|x86
		{C9EE748B-389C-43C9-9DF4-73953AB1FF9F}.Ad-Hoc|iPhone.Deploy.0 = Release|x86
		{C9EE748B-389C-43C9-9DF4-73953AB1FF9F}.Ad-Hoc|iPhoneSimulator.ActiveCfg = Release|x86
		{C9EE748B-389C-43C9-9DF4-73953AB1FF9F}.Ad-Hoc|iPhoneSimulator.Build.0 = Release|x86
		{C9EE748B-389C-43C9-9DF4-73953AB1FF9F}.Ad-Hoc|iPhoneSimulator.Deploy.0 = Release|x86
		{C9EE748B-389C-43C9-9DF4-73953AB1FF9F}.Ad-Hoc|x64.ActiveCfg = Release|x64
		{C9EE748B-389C-43C9-9DF4-73953AB1FF9F}.Ad-Hoc|x64.Build.0 = Release|x64
		{C9EE748B-389C-43C9-9DF4-73953AB1FF9F}.Ad-Hoc|x64.Deploy.0 = Release|x64
		{C9EE748B-389C-43C9-9DF4-73953AB1FF9F}.Ad-Hoc|x86.ActiveCfg = Release|x86
		{C9EE748B-389C-43C9-9DF4-73953AB1FF9F}.Ad-Hoc|x86.Build.0 = Release|x86
		{C9EE748B-389C-43C9-9DF4-73953AB1FF9F}.Ad-Hoc|x86.Deploy.0 = Release|x86
		{C9EE748B-389C-43C9-9DF4-73953AB1FF9F}.AppStore|Any CPU.ActiveCfg = Release|x86
		{C9EE748B-389C-43C9-9DF4-73953AB1FF9F}.AppStore|Any CPU.Build.0 = Release|x86
		{C9EE748B-389C-43C9-9DF4-73953AB1FF9F}.AppStore|Any CPU.Deploy.0 = Release|x86
		{C9EE748B-389C-43C9-9DF4-73953AB1FF9F}.AppStore|ARM.ActiveCfg = Release|ARM
		{C9EE748B-389C-43C9-9DF4-73953AB1FF9F}.AppStore|ARM.Build.0 = Release|ARM
		{C9EE748B-389C-43C9-9DF4-73953AB1FF9F}.AppStore|ARM.Deploy.0 = Release|ARM
		{C9EE748B-389C-43C9-9DF4-73953AB1FF9F}.AppStore|iPhone.ActiveCfg = Release|x86
		{C9EE748B-389C-43C9-9DF4-73953AB1FF9F}.AppStore|iPhone.Build.0 = Release|x86
		{C9EE748B-389C-43C9-9DF4-73953AB1FF9F}.AppStore|iPhone.Deploy.0 = Release|x86
		{C9EE748B-389C-43C9-9DF4-73953AB1FF9F}.AppStore|iPhoneSimulator.ActiveCfg = Release|x86
		{C9EE748B-389C-43C9-9DF4-73953AB1FF9F}.AppStore|iPhoneSimulator.Build.0 = Release|x86
		{C9EE748B-389C-43C9-9DF4-73953AB1FF9F}.AppStore|iPhoneSimulator.Deploy.0 = Release|x86
		{C9EE748B-389C-43C9-9DF4-73953AB1FF9F}.AppStore|x64.ActiveCfg = Release|x64
		{C9EE748B-389C-43C9-9DF4-73953AB1FF9F}.AppStore|x64.Build.0 = Release|x64
		{C9EE748B-389C-43C9-9DF4-73953AB1FF9F}.AppStore|x64.Deploy.0 = Release|x64
		{C9EE748B-389C-43C9-9DF4-73953AB1FF9F}.AppStore|x86.ActiveCfg = Release|x86
		{C9EE748B-389C-43C9-9DF4-73953AB1FF9F}.AppStore|x86.Build.0 = Release|x86
		{C9EE748B-389C-43C9-9DF4-73953AB1FF9F}.AppStore|x86.Deploy.0 = Release|x86
		{C9EE748B-389C-43C9-9DF4-73953AB1FF9F}.Debug|Any CPU.ActiveCfg = Debug|x86
		{C9EE748B-389C-43C9-9DF4-73953AB1FF9F}.Debug|ARM.ActiveCfg = Debug|ARM
		{C9EE748B-389C-43C9-9DF4-73953AB1FF9F}.Debug|ARM.Build.0 = Debug|ARM
		{C9EE748B-389C-43C9-9DF4-73953AB1FF9F}.Debug|ARM.Deploy.0 = Debug|ARM
		{C9EE748B-389C-43C9-9DF4-73953AB1FF9F}.Debug|iPhone.ActiveCfg = Debug|x86
		{C9EE748B-389C-43C9-9DF4-73953AB1FF9F}.Debug|iPhoneSimulator.ActiveCfg = Debug|x86
		{C9EE748B-389C-43C9-9DF4-73953AB1FF9F}.Debug|x64.ActiveCfg = Debug|x64
		{C9EE748B-389C-43C9-9DF4-73953AB1FF9F}.Debug|x64.Build.0 = Debug|x64
		{C9EE748B-389C-43C9-9DF4-73953AB1FF9F}.Debug|x64.Deploy.0 = Debug|x64
		{C9EE748B-389C-43C9-9DF4-73953AB1FF9F}.Debug|x86.ActiveCfg = Debug|x86
		{C9EE748B-389C-43C9-9DF4-73953AB1FF9F}.Debug|x86.Build.0 = Debug|x86
		{C9EE748B-389C-43C9-9DF4-73953AB1FF9F}.Debug|x86.Deploy.0 = Debug|x86
		{C9EE748B-389C-43C9-9DF4-73953AB1FF9F}.Release|Any CPU.ActiveCfg = Release|x86
		{C9EE748B-389C-43C9-9DF4-73953AB1FF9F}.Release|ARM.ActiveCfg = Release|ARM
		{C9EE748B-389C-43C9-9DF4-73953AB1FF9F}.Release|ARM.Build.0 = Release|ARM
		{C9EE748B-389C-43C9-9DF4-73953AB1FF9F}.Release|ARM.Deploy.0 = Release|ARM
		{C9EE748B-389C-43C9-9DF4-73953AB1FF9F}.Release|iPhone.ActiveCfg = Release|x86
		{C9EE748B-389C-43C9-9DF4-73953AB1FF9F}.Release|iPhoneSimulator.ActiveCfg = Release|x86
		{C9EE748B-389C-43C9-9DF4-73953AB1FF9F}.Release|x64.ActiveCfg = Release|x64
		{C9EE748B-389C-43C9-9DF4-73953AB1FF9F}.Release|x64.Build.0 = Release|x64
		{C9EE748B-389C-43C9-9DF4-73953AB1FF9F}.Release|x64.Deploy.0 = Release|x64
		{C9EE748B-389C-43C9-9DF4-73953AB1FF9F}.Release|x86.ActiveCfg = Release|x86
		{C9EE748B-389C-43C9-9DF4-73953AB1FF9F}.Release|x86.Build.0 = Release|x86
		{C9EE748B-389C-43C9-9DF4-73953AB1FF9F}.Release|x86.Deploy.0 = Release|x86
		{693351B6-637F-4FBE-BA35-3CD53A0C0D18}.Ad-Hoc|Any CPU.ActiveCfg = Ad-Hoc|iPhone
		{693351B6-637F-4FBE-BA35-3CD53A0C0D18}.Ad-Hoc|ARM.ActiveCfg = Ad-Hoc|iPhone
		{693351B6-637F-4FBE-BA35-3CD53A0C0D18}.Ad-Hoc|iPhone.ActiveCfg = Ad-Hoc|iPhone
		{693351B6-637F-4FBE-BA35-3CD53A0C0D18}.Ad-Hoc|iPhone.Build.0 = Ad-Hoc|iPhone
		{693351B6-637F-4FBE-BA35-3CD53A0C0D18}.Ad-Hoc|iPhoneSimulator.ActiveCfg = Ad-Hoc|iPhoneSimulator
		{693351B6-637F-4FBE-BA35-3CD53A0C0D18}.Ad-Hoc|iPhoneSimulator.Build.0 = Ad-Hoc|iPhoneSimulator
		{693351B6-637F-4FBE-BA35-3CD53A0C0D18}.Ad-Hoc|x64.ActiveCfg = Ad-Hoc|iPhone
		{693351B6-637F-4FBE-BA35-3CD53A0C0D18}.Ad-Hoc|x86.ActiveCfg = Ad-Hoc|iPhone
		{693351B6-637F-4FBE-BA35-3CD53A0C0D18}.AppStore|Any CPU.ActiveCfg = AppStore|iPhone
		{693351B6-637F-4FBE-BA35-3CD53A0C0D18}.AppStore|ARM.ActiveCfg = AppStore|iPhone
		{693351B6-637F-4FBE-BA35-3CD53A0C0D18}.AppStore|iPhone.ActiveCfg = AppStore|iPhone
		{693351B6-637F-4FBE-BA35-3CD53A0C0D18}.AppStore|iPhone.Build.0 = AppStore|iPhone
		{693351B6-637F-4FBE-BA35-3CD53A0C0D18}.AppStore|iPhoneSimulator.ActiveCfg = AppStore|iPhoneSimulator
		{693351B6-637F-4FBE-BA35-3CD53A0C0D18}.AppStore|iPhoneSimulator.Build.0 = AppStore|iPhoneSimulator
		{693351B6-637F-4FBE-BA35-3CD53A0C0D18}.AppStore|x64.ActiveCfg = AppStore|iPhone
		{693351B6-637F-4FBE-BA35-3CD53A0C0D18}.AppStore|x86.ActiveCfg = AppStore|iPhone
		{693351B6-637F-4FBE-BA35-3CD53A0C0D18}.Debug|Any CPU.ActiveCfg = Debug|iPhone
		{693351B6-637F-4FBE-BA35-3CD53A0C0D18}.Debug|ARM.ActiveCfg = Debug|iPhone
		{693351B6-637F-4FBE-BA35-3CD53A0C0D18}.Debug|iPhone.ActiveCfg = Debug|iPhone
		{693351B6-637F-4FBE-BA35-3CD53A0C0D18}.Debug|iPhone.Build.0 = Debug|iPhone
		{693351B6-637F-4FBE-BA35-3CD53A0C0D18}.Debug|iPhoneSimulator.ActiveCfg = Debug|iPhoneSimulator
		{693351B6-637F-4FBE-BA35-3CD53A0C0D18}.Debug|iPhoneSimulator.Build.0 = Debug|iPhoneSimulator
		{693351B6-637F-4FBE-BA35-3CD53A0C0D18}.Debug|x64.ActiveCfg = Debug|iPhone
		{693351B6-637F-4FBE-BA35-3CD53A0C0D18}.Debug|x86.ActiveCfg = Debug|iPhone
		{693351B6-637F-4FBE-BA35-3CD53A0C0D18}.Release|Any CPU.ActiveCfg = Release|iPhone
		{693351B6-637F-4FBE-BA35-3CD53A0C0D18}.Release|ARM.ActiveCfg = Release|iPhone
		{693351B6-637F-4FBE-BA35-3CD53A0C0D18}.Release|iPhone.ActiveCfg = Release|iPhone
		{693351B6-637F-4FBE-BA35-3CD53A0C0D18}.Release|iPhone.Build.0 = Release|iPhone
		{693351B6-637F-4FBE-BA35-3CD53A0C0D18}.Release|iPhoneSimulator.ActiveCfg = Release|iPhoneSimulator
		{693351B6-637F-4FBE-BA35-3CD53A0C0D18}.Release|iPhoneSimulator.Build.0 = Release|iPhoneSimulator
		{693351B6-637F-4FBE-BA35-3CD53A0C0D18}.Release|x64.ActiveCfg = Release|iPhone
		{693351B6-637F-4FBE-BA35-3CD53A0C0D18}.Release|x86.ActiveCfg = Release|iPhone
		{964F5F98-763A-4CF2-A769-03F6F1099A59}.Ad-Hoc|Any CPU.ActiveCfg = Release|Any CPU
		{964F5F98-763A-4CF2-A769-03F6F1099A59}.Ad-Hoc|Any CPU.Build.0 = Release|Any CPU
		{964F5F98-763A-4CF2-A769-03F6F1099A59}.Ad-Hoc|ARM.ActiveCfg = Release|Any CPU
		{964F5F98-763A-4CF2-A769-03F6F1099A59}.Ad-Hoc|ARM.Build.0 = Release|Any CPU
		{964F5F98-763A-4CF2-A769-03F6F1099A59}.Ad-Hoc|iPhone.ActiveCfg = Release|Any CPU
		{964F5F98-763A-4CF2-A769-03F6F1099A59}.Ad-Hoc|iPhone.Build.0 = Release|Any CPU
		{964F5F98-763A-4CF2-A769-03F6F1099A59}.Ad-Hoc|iPhoneSimulator.ActiveCfg = Release|Any CPU
		{964F5F98-763A-4CF2-A769-03F6F1099A59}.Ad-Hoc|iPhoneSimulator.Build.0 = Release|Any CPU
		{964F5F98-763A-4CF2-A769-03F6F1099A59}.Ad-Hoc|x64.ActiveCfg = Release|Any CPU
		{964F5F98-763A-4CF2-A769-03F6F1099A59}.Ad-Hoc|x64.Build.0 = Release|Any CPU
		{964F5F98-763A-4CF2-A769-03F6F1099A59}.Ad-Hoc|x86.ActiveCfg = Release|Any CPU
		{964F5F98-763A-4CF2-A769-03F6F1099A59}.Ad-Hoc|x86.Build.0 = Release|Any CPU
		{964F5F98-763A-4CF2-A769-03F6F1099A59}.AppStore|Any CPU.ActiveCfg = Release|Any CPU
		{964F5F98-763A-4CF2-A769-03F6F1099A59}.AppStore|Any CPU.Build.0 = Release|Any CPU
		{964F5F98-763A-4CF2-A769-03F6F1099A59}.AppStore|ARM.ActiveCfg = Release|Any CPU
		{964F5F98-763A-4CF2-A769-03F6F1099A59}.AppStore|ARM.Build.0 = Release|Any CPU
		{964F5F98-763A-4CF2-A769-03F6F1099A59}.AppStore|iPhone.ActiveCfg = Release|Any CPU
		{964F5F98-763A-4CF2-A769-03F6F1099A59}.AppStore|iPhone.Build.0 = Release|Any CPU
		{964F5F98-763A-4CF2-A769-03F6F1099A59}.AppStore|iPhoneSimulator.ActiveCfg = Release|Any CPU
		{964F5F98-763A-4CF2-A769-03F6F1099A59}.AppStore|iPhoneSimulator.Build.0 = Release|Any CPU
		{964F5F98-763A-4CF2-A769-03F6F1099A59}.AppStore|x64.ActiveCfg = Release|Any CPU
		{964F5F98-763A-4CF2-A769-03F6F1099A59}.AppStore|x64.Build.0 = Release|Any CPU
		{964F5F98-763A-4CF2-A769-03F6F1099A59}.AppStore|x86.ActiveCfg = Release|Any CPU
		{964F5F98-763A-4CF2-A769-03F6F1099A59}.AppStore|x86.Build.0 = Release|Any CPU
		{964F5F98-763A-4CF2-A769-03F6F1099A59}.Debug|Any CPU.ActiveCfg = Debug|Any CPU
		{964F5F98-763A-4CF2-A769-03F6F1099A59}.Debug|Any CPU.Build.0 = Debug|Any CPU
		{964F5F98-763A-4CF2-A769-03F6F1099A59}.Debug|ARM.ActiveCfg = Debug|Any CPU
		{964F5F98-763A-4CF2-A769-03F6F1099A59}.Debug|ARM.Build.0 = Debug|Any CPU
		{964F5F98-763A-4CF2-A769-03F6F1099A59}.Debug|iPhone.ActiveCfg = Debug|Any CPU
		{964F5F98-763A-4CF2-A769-03F6F1099A59}.Debug|iPhone.Build.0 = Debug|Any CPU
		{964F5F98-763A-4CF2-A769-03F6F1099A59}.Debug|iPhoneSimulator.ActiveCfg = Debug|Any CPU
		{964F5F98-763A-4CF2-A769-03F6F1099A59}.Debug|iPhoneSimulator.Build.0 = Debug|Any CPU
		{964F5F98-763A-4CF2-A769-03F6F1099A59}.Debug|x64.ActiveCfg = Debug|Any CPU
		{964F5F98-763A-4CF2-A769-03F6F1099A59}.Debug|x64.Build.0 = Debug|Any CPU
		{964F5F98-763A-4CF2-A769-03F6F1099A59}.Debug|x86.ActiveCfg = Debug|Any CPU
		{964F5F98-763A-4CF2-A769-03F6F1099A59}.Debug|x86.Build.0 = Debug|Any CPU
		{964F5F98-763A-4CF2-A769-03F6F1099A59}.Release|Any CPU.ActiveCfg = Release|Any CPU
		{964F5F98-763A-4CF2-A769-03F6F1099A59}.Release|Any CPU.Build.0 = Release|Any CPU
		{964F5F98-763A-4CF2-A769-03F6F1099A59}.Release|ARM.ActiveCfg = Release|Any CPU
		{964F5F98-763A-4CF2-A769-03F6F1099A59}.Release|ARM.Build.0 = Release|Any CPU
		{964F5F98-763A-4CF2-A769-03F6F1099A59}.Release|iPhone.ActiveCfg = Release|Any CPU
		{964F5F98-763A-4CF2-A769-03F6F1099A59}.Release|iPhone.Build.0 = Release|Any CPU
		{964F5F98-763A-4CF2-A769-03F6F1099A59}.Release|iPhoneSimulator.ActiveCfg = Release|Any CPU
		{964F5F98-763A-4CF2-A769-03F6F1099A59}.Release|iPhoneSimulator.Build.0 = Release|Any CPU
		{964F5F98-763A-4CF2-A769-03F6F1099A59}.Release|x64.ActiveCfg = Release|Any CPU
		{964F5F98-763A-4CF2-A769-03F6F1099A59}.Release|x64.Build.0 = Release|Any CPU
		{964F5F98-763A-4CF2-A769-03F6F1099A59}.Release|x86.ActiveCfg = Release|Any CPU
		{964F5F98-763A-4CF2-A769-03F6F1099A59}.Release|x86.Build.0 = Release|Any CPU
	EndGlobalSection
	GlobalSection(SolutionProperties) = preSolution
		HideSolutionNode = FALSE
	EndGlobalSection
EndGlobal
